
Microsoft Visual Studio Solution File, Format Version 12.00
# Visual Studio 14
VisualStudioVersion = 14.0.23107.0
MinimumVisualStudioVersion = 10.0.40219.1
Project("{FAE04EC0-301F-11D3-BF4B-00C04F79EFBC}") = "MasterDataManagement", "MasterDataManagement\MasterDataManagement.csproj", "{015E1976-457F-48EF-B5FD-CE2658D27DB0}"
EndProject
Project("{FAE04EC0-301F-11D3-BF4B-00C04F79EFBC}") = "CurveManagement", "CurveManagement\CurveManagement.csproj", "{478AB385-7FBE-4847-93C0-4D0422FBA510}"
EndProject
Project("{FAE04EC0-301F-11D3-BF4B-00C04F79EFBC}") = "CurveManagement.Tests", "CurveManagement.Tests\CurveManagement.Tests.csproj", "{82C1BF25-961A-40E8-8791-D8724A5AD5A7}"
EndProject
Global
	GlobalSection(SolutionConfigurationPlatforms) = preSolution
		Debug|Any CPU = Debug|Any CPU
		Release|Any CPU = Release|Any CPU
	EndGlobalSection
	GlobalSection(ProjectConfigurationPlatforms) = postSolution
		{015E1976-457F-48EF-B5FD-CE2658D27DB0}.Debug|Any CPU.ActiveCfg = Debug|Any CPU
		{015E1976-457F-48EF-B5FD-CE2658D27DB0}.Debug|Any CPU.Build.0 = Debug|Any CPU
		{015E1976-457F-48EF-B5FD-CE2658D27DB0}.Release|Any CPU.ActiveCfg = Release|Any CPU
		{015E1976-457F-48EF-B5FD-CE2658D27DB0}.Release|Any CPU.Build.0 = Release|Any CPU
		{478AB385-7FBE-4847-93C0-4D0422FBA510}.Debug|Any CPU.ActiveCfg = Debug|Any CPU
		{478AB385-7FBE-4847-93C0-4D0422FBA510}.Debug|Any CPU.Build.0 = Debug|Any CPU
		{478AB385-7FBE-4847-93C0-4D0422FBA510}.Release|Any CPU.ActiveCfg = Release|Any CPU
		{478AB385-7FBE-4847-93C0-4D0422FBA510}.Release|Any CPU.Build.0 = Release|Any CPU
		{82C1BF25-961A-40E8-8791-D8724A5AD5A7}.Debug|Any CPU.ActiveCfg = Debug|Any CPU
		{82C1BF25-961A-40E8-8791-D8724A5AD5A7}.Debug|Any CPU.Build.0 = Debug|Any CPU
		{82C1BF25-961A-40E8-8791-D8724A5AD5A7}.Release|Any CPU.ActiveCfg = Release|Any CPU
		{82C1BF25-961A-40E8-8791-D8724A5AD5A7}.Release|Any CPU.Build.0 = Release|Any CPU
	EndGlobalSection
	GlobalSection(SolutionProperties) = preSolution
		HideSolutionNode = FALSE
	EndGlobalSection
EndGlobal
